{
  "version": 1,
  "dependencies": {
    ".NETFramework,Version=v4.7.2": {
      "FSharp.Core": {
        "type": "Direct",
        "requested": "[11.0.100, )",
        "resolved": "11.0.100",
        "contentHash": "ijfOz8ihqkFNdKUY57l8YTrbJNfQW/6tFYAUU57ByZzmTxxf1o12cQaCqDOjNqAz4h86AKS7IwQkNhYcrjLeCQ=="
      },
      "JetBrains.Annotations": {
        "type": "Direct",
        "requested": "[2026.2.0, )",
        "resolved": "2026.2.0",
        "contentHash": "drvAEaI7Xf4wU6dx4UTB9MoZWXZlraaQ0qoeThPQ411FxNhId7QdUTukIC9I8aUHP0ycAaGwZNKqSvfOZQvUlg=="
      },
      "MinVer": {
        "type": "Direct",
        "requested": "[8.0.0, )",
        "resolved": "8.0.0",
        "contentHash": "AJy/KVjXgUbgjf6HiI8wAk4DSSq0SCmvXQF8aU6IB+pnIQq+YJvofvMczug2hqO8yEvnQY557ryew66KPpyCsA=="
      },
      "System.ValueTuple": {
        "type": "Transitive",
        "resolved": "4.6.2",
        "contentHash": "yQgmjfFximrNm9LIV3mL6T5MzjeC+epeE5rl4hXxAlYmxby7RM1dPSkIKXk9HNkl6G54h2JHOmLD46+Pey+IRg=="
      },
      "SodaFlow.Async.Core": {
        "type": "Project",
        "dependencies": {
          "SodaFlow.Core": "[1.0.0, )",
          "System.ValueTuple": "[4.6.2, )"
        }
      },
      "sodaflow.core": {
        "type": "Project",
        "dependencies": {
          "System.ValueTuple": "[4.6.2, )"
        }
      },
      "sodaflow.fsharp": {
        "type": "Project",
        "dependencies": {
          "FSharp.Core": "[11.0.100, )",
          "SodaFlow.Core": "[1.0.0, )"
        }
      }
    },
    ".NETStandard,Version=v2.0": {
      "FSharp.Core": {
        "type": "Direct",
        "requested": "[11.0.100, )",
        "resolved": "11.0.100",
        "contentHash": "ijfOz8ihqkFNdKUY57l8YTrbJNfQW/6tFYAUU57ByZzmTxxf1o12cQaCqDOjNqAz4h86AKS7IwQkNhYcrjLeCQ=="
      },
      "JetBrains.Annotations": {
        "type": "Direct",
        "requested": "[2026.2.0, )",
        "resolved": "2026.2.0",
        "contentHash": "drvAEaI7Xf4wU6dx4UTB9MoZWXZlraaQ0qoeThPQ411FxNhId7QdUTukIC9I8aUHP0ycAaGwZNKqSvfOZQvUlg=="
      },
      "MinVer": {
        "type": "Direct",
        "requested": "[8.0.0, )",
        "resolved": "8.0.0",
        "contentHash": "AJy/KVjXgUbgjf6HiI8wAk4DSSq0SCmvXQF8aU6IB+pnIQq+YJvofvMczug2hqO8yEvnQY557ryew66KPpyCsA=="
      },
      "NETStandard.Library": {
        "type": "Direct",
        "requested": "[2.0.3, )",
        "resolved": "2.0.3",
        "contentHash": "st47PosZSHrjECdjeIzZQbzivYBJFv6P2nv4cj2ypdI204DO+vZ7l5raGMiX4eXMJ53RfOIg+/s4DHVZ54Nu2A==",
        "dependencies": {
          "Microsoft.NETCore.Platforms": "1.1.0"
        }
      },
      "Microsoft.NETCore.Platforms": {
        "type": "Transitive",
        "resolved": "1.1.0",
        "contentHash": "kz0PEW2lhqygehI/d6XsPCQzD7ff7gUJaVGPVETX611eadGsA3A877GdSlU0LRVMCTH/+P3o2iDTak+S08V2+A=="
      },
      "System.ValueTuple": {
        "type": "Transitive",
        "resolved": "4.6.2",
        "contentHash": "yQgmjfFximrNm9LIV3mL6T5MzjeC+epeE5rl4hXxAlYmxby7RM1dPSkIKXk9HNkl6G54h2JHOmLD46+Pey+IRg=="
      },
      "SodaFlow.Async.Core": {
        "type": "Project",
        "dependencies": {
          "SodaFlow.Core": "[1.0.0, )",
          "System.ValueTuple": "[4.6.2, )"
        }
      },
      "sodaflow.core": {
        "type": "Project",
        "dependencies": {
          "System.ValueTuple": "[4.6.2, )"
        }
      },
      "sodaflow.fsharp": {
        "type": "Project",
        "dependencies": {
          "FSharp.Core": "[11.0.100, )",
          "SodaFlow.Core": "[1.0.0, )"
        }
      }
    },
    "net6.0": {
      "FSharp.Core": {
        "type": "Direct",
        "requested": "[11.0.100, )",
        "resolved": "11.0.100",
        "contentHash": "ijfOz8ihqkFNdKUY57l8YTrbJNfQW/6tFYAUU57ByZzmTxxf1o12cQaCqDOjNqAz4h86AKS7IwQkNhYcrjLeCQ=="
      },
      "JetBrains.Annotations": {
        "type": "Direct",
        "requested": "[2026.2.0, )",
        "resolved": "2026.2.0",
        "contentHash": "drvAEaI7Xf4wU6dx4UTB9MoZWXZlraaQ0qoeThPQ411FxNhId7QdUTukIC9I8aUHP0ycAaGwZNKqSvfOZQvUlg=="
      },
      "MinVer": {
        "type": "Direct",
        "requested": "[8.0.0, )",
        "resolved": "8.0.0",
        "contentHash": "AJy/KVjXgUbgjf6HiI8wAk4DSSq0SCmvXQF8aU6IB+pnIQq+YJvofvMczug2hqO8yEvnQY557ryew66KPpyCsA=="
      },
      "System.ValueTuple": {
        "type": "Transitive",
        "resolved": "4.6.2",
        "contentHash": "yQgmjfFximrNm9LIV3mL6T5MzjeC+epeE5rl4hXxAlYmxby7RM1dPSkIKXk9HNkl6G54h2JHOmLD46+Pey+IRg=="
      },
      "SodaFlow.Async.Core": {
        "type": "Project",
        "dependencies": {
          "SodaFlow.Core": "[1.0.0, )",
          "System.ValueTuple": "[4.6.2, )"
        }
      },
      "sodaflow.core": {
        "type": "Project",
        "dependencies": {
          "System.ValueTuple": "[4.6.2, )"
        }
      },
      "sodaflow.fsharp": {
        "type": "Project",
        "dependencies": {
          "FSharp.Core": "[11.0.100, )",
          "SodaFlow.Core": "[1.0.0, )"
        }
      }
    }
  }
}